// !$*UTF8*$!
{
	archiveVersion = 1;
	classes = {
	};
	objectVersion = 46;
	objects = {

/* Begin PBXBuildFile section */
		441C6EC41DDE0BEC0080D0F0 /* IAWExtensionTool.h in Headers */ = {isa = PBXBuildFile; fileRef = 441C6EC21DDE0BEC0080D0F0 /* IAWExtensionTool.h */; settings = {ATTRIBUTES = (Public, ); }; };
		4426C2C61E35F59B00E74B79 /* IAW_SlideMenuController.swift in Sources */ = {isa = PBXBuildFile; fileRef = 4426C2C51E35F59B00E74B79 /* IAW_SlideMenuController.swift */; };
		4426C2C81E35F67400E74B79 /* IAW_SlideMenuTool.swift in Sources */ = {isa = PBXBuildFile; fileRef = 4426C2C71E35F67400E74B79 /* IAW_SlideMenuTool.swift */; };
		442E53321E1D0C33001FCBD8 /* LoadProgressAnimationView.swift in Sources */ = {isa = PBXBuildFile; fileRef = 442E53311E1D0C33001FCBD8 /* LoadProgressAnimationView.swift */; };
		442E53351E1D1057001FCBD8 /* IAW_Constant.swift in Sources */ = {isa = PBXBuildFile; fileRef = 442E53341E1D1057001FCBD8 /* IAW_Constant.swift */; };
		442E533B1E1DE494001FCBD8 /* IAW_EditTextViewController.swift in Sources */ = {isa = PBXBuildFile; fileRef = 442E53371E1DE494001FCBD8 /* IAW_EditTextViewController.swift */; };
		442E533E1E1DE494001FCBD8 /* IAW_WebViewController.swift in Sources */ = {isa = PBXBuildFile; fileRef = 442E533A1E1DE494001FCBD8 /* IAW_WebViewController.swift */; };
		442E534B1E1DE575001FCBD8 /* IAW_BaseViewController.swift in Sources */ = {isa = PBXBuildFile; fileRef = 442E53411E1DE575001FCBD8 /* IAW_BaseViewController.swift */; };
		442E534C1E1DE575001FCBD8 /* IAW_NavigationController.swift in Sources */ = {isa = PBXBuildFile; fileRef = 442E53421E1DE575001FCBD8 /* IAW_NavigationController.swift */; };
		442E534D1E1DE575001FCBD8 /* IAW_TabBarController.swift in Sources */ = {isa = PBXBuildFile; fileRef = 442E53431E1DE575001FCBD8 /* IAW_TabBarController.swift */; };
		442E53511E1DE575001FCBD8 /* IAW_ResponseModel.swift in Sources */ = {isa = PBXBuildFile; fileRef = 442E53481E1DE575001FCBD8 /* IAW_ResponseModel.swift */; };
		442E53521E1DE575001FCBD8 /* IAW_ResponseModels.swift in Sources */ = {isa = PBXBuildFile; fileRef = 442E53491E1DE575001FCBD8 /* IAW_ResponseModels.swift */; };
		442E53531E1DE575001FCBD8 /* IAW_ResponseMsgModel.swift in Sources */ = {isa = PBXBuildFile; fileRef = 442E534A1E1DE575001FCBD8 /* IAW_ResponseMsgModel.swift */; };
		442E53581E1E23C6001FCBD8 /* IAWUITableView+Extension.swift in Sources */ = {isa = PBXBuildFile; fileRef = 442E53561E1E23C6001FCBD8 /* IAWUITableView+Extension.swift */; };
		442E53591E1E23C6001FCBD8 /* IAWUIView+Extension.swift in Sources */ = {isa = PBXBuildFile; fileRef = 442E53571E1E23C6001FCBD8 /* IAWUIView+Extension.swift */; };
		442E535B1E1E3876001FCBD8 /* IAW_PhotoTool.swift in Sources */ = {isa = PBXBuildFile; fileRef = 442E535A1E1E3876001FCBD8 /* IAW_PhotoTool.swift */; };
		442E535D1E1F313C001FCBD8 /* IAW_MsgTip.swift in Sources */ = {isa = PBXBuildFile; fileRef = 442E535C1E1F313C001FCBD8 /* IAW_MsgTip.swift */; };
		442E535F1E1F384D001FCBD8 /* IAW_TextViewTool.swift in Sources */ = {isa = PBXBuildFile; fileRef = 442E535E1E1F384D001FCBD8 /* IAW_TextViewTool.swift */; };
		442E53611E1F388D001FCBD8 /* IAW_TextFieldTool.swift in Sources */ = {isa = PBXBuildFile; fileRef = 442E53601E1F388D001FCBD8 /* IAW_TextFieldTool.swift */; };
		442E53631E1F38AD001FCBD8 /* IAW_LabelTool.swift in Sources */ = {isa = PBXBuildFile; fileRef = 442E53621E1F38AD001FCBD8 /* IAW_LabelTool.swift */; };
		442E53651E1F756A001FCBD8 /* IAW_UITool.swift in Sources */ = {isa = PBXBuildFile; fileRef = 442E53641E1F756A001FCBD8 /* IAW_UITool.swift */; };
		442E53671E1F75F5001FCBD8 /* IAW_TabelViewTool.swift in Sources */ = {isa = PBXBuildFile; fileRef = 442E53661E1F75F5001FCBD8 /* IAW_TabelViewTool.swift */; };
		442E53691E1F7646001FCBD8 /* IAW_WebViewTool.swift in Sources */ = {isa = PBXBuildFile; fileRef = 442E53681E1F7646001FCBD8 /* IAW_WebViewTool.swift */; };
		442E536B1E1F76BE001FCBD8 /* IAW_TokenTool.swift in Sources */ = {isa = PBXBuildFile; fileRef = 442E536A1E1F76BE001FCBD8 /* IAW_TokenTool.swift */; };
		442E536D1E1F8C2D001FCBD8 /* IAW_NetTool.swift in Sources */ = {isa = PBXBuildFile; fileRef = 442E536C1E1F8C2D001FCBD8 /* IAW_NetTool.swift */; };
		44732A8B1E372D33001F698D /* IAW_NavBarTool.swift in Sources */ = {isa = PBXBuildFile; fileRef = 44732A8A1E372D33001F698D /* IAW_NavBarTool.swift */; };
		4492FD731E287503006D69CB /* IAW_FullScreenTool.swift in Sources */ = {isa = PBXBuildFile; fileRef = 4492FD701E287503006D69CB /* IAW_FullScreenTool.swift */; };
		4492FD741E287503006D69CB /* Particle.swift in Sources */ = {isa = PBXBuildFile; fileRef = 4492FD711E287503006D69CB /* Particle.swift */; };
		4492FD751E287503006D69CB /* ParticleView.swift in Sources */ = {isa = PBXBuildFile; fileRef = 4492FD721E287503006D69CB /* ParticleView.swift */; };
		44A43A731E1CF66A005BB1FE /* WHC_AutoCellHeight.swift in Sources */ = {isa = PBXBuildFile; fileRef = 44A43A6F1E1CF66A005BB1FE /* WHC_AutoCellHeight.swift */; };
		44A43A741E1CF66A005BB1FE /* WHC_AutoLayout.swift in Sources */ = {isa = PBXBuildFile; fileRef = 44A43A701E1CF66A005BB1FE /* WHC_AutoLayout.swift */; };
		44A43A751E1CF66A005BB1FE /* WHC_Frame.swift in Sources */ = {isa = PBXBuildFile; fileRef = 44A43A711E1CF66A005BB1FE /* WHC_Frame.swift */; };
		44A43A761E1CF66A005BB1FE /* WHC_StackView.swift in Sources */ = {isa = PBXBuildFile; fileRef = 44A43A721E1CF66A005BB1FE /* WHC_StackView.swift */; };
		44A43A7C1E1CF699005BB1FE /* RatingBar.swift in Sources */ = {isa = PBXBuildFile; fileRef = 44A43A781E1CF699005BB1FE /* RatingBar.swift */; };
		44A43A7D1E1CF699005BB1FE /* star_big1@3x.png in Resources */ = {isa = PBXBuildFile; fileRef = 44A43A791E1CF699005BB1FE /* star_big1@3x.png */; };
		44A43A7E1E1CF699005BB1FE /* star_big2@3x.png in Resources */ = {isa = PBXBuildFile; fileRef = 44A43A7A1E1CF699005BB1FE /* star_big2@3x.png */; };
		44A43A7F1E1CF699005BB1FE /* star_big3@3x.png in Resources */ = {isa = PBXBuildFile; fileRef = 44A43A7B1E1CF699005BB1FE /* star_big3@3x.png */; };
		44A43A8B1E1CF6D8005BB1FE /* CropRectView.swift in Sources */ = {isa = PBXBuildFile; fileRef = 44A43A811E1CF6D8005BB1FE /* CropRectView.swift */; };
		44A43A8C1E1CF6D8005BB1FE /* CropView.swift in Sources */ = {isa = PBXBuildFile; fileRef = 44A43A821E1CF6D8005BB1FE /* CropView.swift */; };
		44A43A8D1E1CF6D8005BB1FE /* CropViewController.h in Headers */ = {isa = PBXBuildFile; fileRef = 44A43A831E1CF6D8005BB1FE /* CropViewController.h */; };
		44A43A8E1E1CF6D8005BB1FE /* CropViewController.swift in Sources */ = {isa = PBXBuildFile; fileRef = 44A43A841E1CF6D8005BB1FE /* CropViewController.swift */; };
		44A43A8F1E1CF6D8005BB1FE /* Info.plist in Resources */ = {isa = PBXBuildFile; fileRef = 44A43A851E1CF6D8005BB1FE /* Info.plist */; };
		44A43A901E1CF6D8005BB1FE /* PhotoCropEditorBorder.png in Resources */ = {isa = PBXBuildFile; fileRef = 44A43A861E1CF6D8005BB1FE /* PhotoCropEditorBorder.png */; };
		44A43A911E1CF6D8005BB1FE /* PhotoCropEditorBorder@2x.png in Resources */ = {isa = PBXBuildFile; fileRef = 44A43A871E1CF6D8005BB1FE /* PhotoCropEditorBorder@2x.png */; };
		44A43A921E1CF6D8005BB1FE /* PhotoCropEditorBorder@3x.png in Resources */ = {isa = PBXBuildFile; fileRef = 44A43A881E1CF6D8005BB1FE /* PhotoCropEditorBorder@3x.png */; };
		44A43A931E1CF6D8005BB1FE /* ResizeControl.swift in Sources */ = {isa = PBXBuildFile; fileRef = 44A43A891E1CF6D8005BB1FE /* ResizeControl.swift */; };
		44A43A941E1CF6D8005BB1FE /* UIImage+Crop.swift in Sources */ = {isa = PBXBuildFile; fileRef = 44A43A8A1E1CF6D8005BB1FE /* UIImage+Crop.swift */; };
		44AD44F11E1264C000E19542 /* IAW_SignMd5Tool.swift in Sources */ = {isa = PBXBuildFile; fileRef = 44AD44F01E1264C000E19542 /* IAW_SignMd5Tool.swift */; };
		44EC56491DDE0F0C00DAAFF8 /* IAWArray.swift in Sources */ = {isa = PBXBuildFile; fileRef = 44EC56381DDE0F0C00DAAFF8 /* IAWArray.swift */; };
		44EC564A1DDE0F0C00DAAFF8 /* IAWBundle.swift in Sources */ = {isa = PBXBuildFile; fileRef = 44EC56391DDE0F0C00DAAFF8 /* IAWBundle.swift */; };
		44EC564B1DDE0F0C00DAAFF8 /* IAWString.swift in Sources */ = {isa = PBXBuildFile; fileRef = 44EC563A1DDE0F0C00DAAFF8 /* IAWString.swift */; };
		44EC564C1DDE0F0C00DAAFF8 /* IAW_AppTool.swift in Sources */ = {isa = PBXBuildFile; fileRef = 44EC563C1DDE0F0C00DAAFF8 /* IAW_AppTool.swift */; };
		44EC564D1DDE0F0C00DAAFF8 /* IAW_JsonTool.swift in Sources */ = {isa = PBXBuildFile; fileRef = 44EC563D1DDE0F0C00DAAFF8 /* IAW_JsonTool.swift */; };
		44EC564E1DDE0F0C00DAAFF8 /* IAW_ProgressHUDTool.swift in Sources */ = {isa = PBXBuildFile; fileRef = 44EC563E1DDE0F0C00DAAFF8 /* IAW_ProgressHUDTool.swift */; };
		44EC564F1DDE0F0C00DAAFF8 /* IAW_RNCryptorTool.swift in Sources */ = {isa = PBXBuildFile; fileRef = 44EC563F1DDE0F0C00DAAFF8 /* IAW_RNCryptorTool.swift */; };
		44EC56511DDE0F0C00DAAFF8 /* IAWApplication.swift in Sources */ = {isa = PBXBuildFile; fileRef = 44EC56421DDE0F0C00DAAFF8 /* IAWApplication.swift */; };
		44EC56531DDE0F0C00DAAFF8 /* IAWColor.swift in Sources */ = {isa = PBXBuildFile; fileRef = 44EC56441DDE0F0C00DAAFF8 /* IAWColor.swift */; };
		44EC56541DDE0F0C00DAAFF8 /* IAWImageView.swift in Sources */ = {isa = PBXBuildFile; fileRef = 44EC56451DDE0F0C00DAAFF8 /* IAWImageView.swift */; };
		44EC56551DDE0F0C00DAAFF8 /* IAWScreen.swift in Sources */ = {isa = PBXBuildFile; fileRef = 44EC56461DDE0F0C00DAAFF8 /* IAWScreen.swift */; };
		44EC56561DDE0F0C00DAAFF8 /* IAWTextField.swift in Sources */ = {isa = PBXBuildFile; fileRef = 44EC56471DDE0F0C00DAAFF8 /* IAWTextField.swift */; };
		44EC56571DDE0F0C00DAAFF8 /* IAWWebView.swift in Sources */ = {isa = PBXBuildFile; fileRef = 44EC56481DDE0F0C00DAAFF8 /* IAWWebView.swift */; };
		44EC565C1DDE0F1800DAAFF8 /* Images.xcassets in Resources */ = {isa = PBXBuildFile; fileRef = 44EC565A1DDE0F1800DAAFF8 /* Images.xcassets */; };
		44EC565E1DDE18B500DAAFF8 /* IAW_ImgXcassetsTool.swift in Sources */ = {isa = PBXBuildFile; fileRef = 44EC565D1DDE18B500DAAFF8 /* IAW_ImgXcassetsTool.swift */; };
		AD8E5370726069281113256F /* Pods_IAWExtensionTool.framework in Frameworks */ = {isa = PBXBuildFile; fileRef = FD248E7BAF6A2C34F8CA11D9 /* Pods_IAWExtensionTool.framework */; settings = {ATTRIBUTES = (Required, ); }; };
/* End PBXBuildFile section */

/* Begin PBXFileReference section */
		38CAE004563470CD1EE8E6A6 /* Pods-IAWExtensionTool.release.xcconfig */ = {isa = PBXFileReference; includeInIndex = 1; lastKnownFileType = text.xcconfig; name = "Pods-IAWExtensionTool.release.xcconfig"; path = "../Pods/Target Support Files/Pods-IAWExtensionTool/Pods-IAWExtensionTool.release.xcconfig"; sourceTree = "<group>"; };
		441C6EBF1DDE0BEC0080D0F0 /* IAWExtensionTool.framework */ = {isa = PBXFileReference; explicitFileType = wrapper.framework; includeInIndex = 0; path = IAWExtensionTool.framework; sourceTree = BUILT_PRODUCTS_DIR; };
		441C6EC21DDE0BEC0080D0F0 /* IAWExtensionTool.h */ = {isa = PBXFileReference; lastKnownFileType = sourcecode.c.h; path = IAWExtensionTool.h; sourceTree = "<group>"; };
		441C6EC31DDE0BEC0080D0F0 /* Info.plist */ = {isa = PBXFileReference; lastKnownFileType = text.plist.xml; path = Info.plist; sourceTree = "<group>"; };
		4426C2C51E35F59B00E74B79 /* IAW_SlideMenuController.swift */ = {isa = PBXFileReference; fileEncoding = 4; lastKnownFileType = sourcecode.swift; path = IAW_SlideMenuController.swift; sourceTree = "<group>"; };
		4426C2C71E35F67400E74B79 /* IAW_SlideMenuTool.swift */ = {isa = PBXFileReference; fileEncoding = 4; lastKnownFileType = sourcecode.swift; path = IAW_SlideMenuTool.swift; sourceTree = "<group>"; };
		442E53311E1D0C33001FCBD8 /* LoadProgressAnimationView.swift */ = {isa = PBXFileReference; fileEncoding = 4; lastKnownFileType = sourcecode.swift; path = LoadProgressAnimationView.swift; sourceTree = "<group>"; };
		442E53341E1D1057001FCBD8 /* IAW_Constant.swift */ = {isa = PBXFileReference; fileEncoding = 4; lastKnownFileType = sourcecode.swift; path = IAW_Constant.swift; sourceTree = "<group>"; };
		442E53371E1DE494001FCBD8 /* IAW_EditTextViewController.swift */ = {isa = PBXFileReference; fileEncoding = 4; lastKnownFileType = sourcecode.swift; path = IAW_EditTextViewController.swift; sourceTree = "<group>"; };
		442E533A1E1DE494001FCBD8 /* IAW_WebViewController.swift */ = {isa = PBXFileReference; fileEncoding = 4; lastKnownFileType = sourcecode.swift; path = IAW_WebViewController.swift; sourceTree = "<group>"; };
		442E53411E1DE575001FCBD8 /* IAW_BaseViewController.swift */ = {isa = PBXFileReference; fileEncoding = 4; lastKnownFileType = sourcecode.swift; path = IAW_BaseViewController.swift; sourceTree = "<group>"; };
		442E53421E1DE575001FCBD8 /* IAW_NavigationController.swift */ = {isa = PBXFileReference; fileEncoding = 4; lastKnownFileType = sourcecode.swift; path = IAW_NavigationController.swift; sourceTree = "<group>"; };
		442E53431E1DE575001FCBD8 /* IAW_TabBarController.swift */ = {isa = PBXFileReference; fileEncoding = 4; lastKnownFileType = sourcecode.swift; path = IAW_TabBarController.swift; sourceTree = "<group>"; };
		442E53481E1DE575001FCBD8 /* IAW_ResponseModel.swift */ = {isa = PBXFileReference; fileEncoding = 4; lastKnownFileType = sourcecode.swift; path = IAW_ResponseModel.swift; sourceTree = "<group>"; };
		442E53491E1DE575001FCBD8 /* IAW_ResponseModels.swift */ = {isa = PBXFileReference; fileEncoding = 4; lastKnownFileType = sourcecode.swift; path = IAW_ResponseModels.swift; sourceTree = "<group>"; };
		442E534A1E1DE575001FCBD8 /* IAW_ResponseMsgModel.swift */ = {isa = PBXFileReference; fileEncoding = 4; lastKnownFileType = sourcecode.swift; path = IAW_ResponseMsgModel.swift; sourceTree = "<group>"; };
		442E53561E1E23C6001FCBD8 /* IAWUITableView+Extension.swift */ = {isa = PBXFileReference; fileEncoding = 4; lastKnownFileType = sourcecode.swift; path = "IAWUITableView+Extension.swift"; sourceTree = "<group>"; };
		442E53571E1E23C6001FCBD8 /* IAWUIView+Extension.swift */ = {isa = PBXFileReference; fileEncoding = 4; lastKnownFileType = sourcecode.swift; path = "IAWUIView+Extension.swift"; sourceTree = "<group>"; };
		442E535A1E1E3876001FCBD8 /* IAW_PhotoTool.swift */ = {isa = PBXFileReference; fileEncoding = 4; lastKnownFileType = sourcecode.swift; path = IAW_PhotoTool.swift; sourceTree = "<group>"; };
		442E535C1E1F313C001FCBD8 /* IAW_MsgTip.swift */ = {isa = PBXFileReference; fileEncoding = 4; lastKnownFileType = sourcecode.swift; path = IAW_MsgTip.swift; sourceTree = "<group>"; };
		442E535E1E1F384D001FCBD8 /* IAW_TextViewTool.swift */ = {isa = PBXFileReference; fileEncoding = 4; lastKnownFileType = sourcecode.swift; path = IAW_TextViewTool.swift; sourceTree = "<group>"; };
		442E53601E1F388D001FCBD8 /* IAW_TextFieldTool.swift */ = {isa = PBXFileReference; fileEncoding = 4; lastKnownFileType = sourcecode.swift; path = IAW_TextFieldTool.swift; sourceTree = "<group>"; };
		442E53621E1F38AD001FCBD8 /* IAW_LabelTool.swift */ = {isa = PBXFileReference; fileEncoding = 4; lastKnownFileType = sourcecode.swift; path = IAW_LabelTool.swift; sourceTree = "<group>"; };
		442E53641E1F756A001FCBD8 /* IAW_UITool.swift */ = {isa = PBXFileReference; fileEncoding = 4; lastKnownFileType = sourcecode.swift; path = IAW_UITool.swift; sourceTree = "<group>"; };
		442E53661E1F75F5001FCBD8 /* IAW_TabelViewTool.swift */ = {isa = PBXFileReference; fileEncoding = 4; lastKnownFileType = sourcecode.swift; path = IAW_TabelViewTool.swift; sourceTree = "<group>"; };
		442E53681E1F7646001FCBD8 /* IAW_WebViewTool.swift */ = {isa = PBXFileReference; fileEncoding = 4; lastKnownFileType = sourcecode.swift; path = IAW_WebViewTool.swift; sourceTree = "<group>"; };
		442E536A1E1F76BE001FCBD8 /* IAW_TokenTool.swift */ = {isa = PBXFileReference; fileEncoding = 4; lastKnownFileType = sourcecode.swift; path = IAW_TokenTool.swift; sourceTree = "<group>"; };
		442E536C1E1F8C2D001FCBD8 /* IAW_NetTool.swift */ = {isa = PBXFileReference; fileEncoding = 4; lastKnownFileType = sourcecode.swift; path = IAW_NetTool.swift; sourceTree = "<group>"; };
		44732A8A1E372D33001F698D /* IAW_NavBarTool.swift */ = {isa = PBXFileReference; fileEncoding = 4; lastKnownFileType = sourcecode.swift; path = IAW_NavBarTool.swift; sourceTree = "<group>"; };
		4492FD701E287503006D69CB /* IAW_FullScreenTool.swift */ = {isa = PBXFileReference; fileEncoding = 4; lastKnownFileType = sourcecode.swift; path = IAW_FullScreenTool.swift; sourceTree = "<group>"; };
		4492FD711E287503006D69CB /* Particle.swift */ = {isa = PBXFileReference; fileEncoding = 4; lastKnownFileType = sourcecode.swift; path = Particle.swift; sourceTree = "<group>"; };
		4492FD721E287503006D69CB /* ParticleView.swift */ = {isa = PBXFileReference; fileEncoding = 4; lastKnownFileType = sourcecode.swift; path = ParticleView.swift; sourceTree = "<group>"; };
		44A43A6F1E1CF66A005BB1FE /* WHC_AutoCellHeight.swift */ = {isa = PBXFileReference; fileEncoding = 4; lastKnownFileType = sourcecode.swift; path = WHC_AutoCellHeight.swift; sourceTree = "<group>"; };
		44A43A701E1CF66A005BB1FE /* WHC_AutoLayout.swift */ = {isa = PBXFileReference; fileEncoding = 4; lastKnownFileType = sourcecode.swift; path = WHC_AutoLayout.swift; sourceTree = "<group>"; };
		44A43A711E1CF66A005BB1FE /* WHC_Frame.swift */ = {isa = PBXFileReference; fileEncoding = 4; lastKnownFileType = sourcecode.swift; path = WHC_Frame.swift; sourceTree = "<group>"; };
		44A43A721E1CF66A005BB1FE /* WHC_StackView.swift */ = {isa = PBXFileReference; fileEncoding = 4; lastKnownFileType = sourcecode.swift; path = WHC_StackView.swift; sourceTree = "<group>"; };
		44A43A781E1CF699005BB1FE /* RatingBar.swift */ = {isa = PBXFileReference; fileEncoding = 4; lastKnownFileType = sourcecode.swift; path = RatingBar.swift; sourceTree = "<group>"; };
		44A43A791E1CF699005BB1FE /* star_big1@3x.png */ = {isa = PBXFileReference; lastKnownFileType = image.png; path = "star_big1@3x.png"; sourceTree = "<group>"; };
		44A43A7A1E1CF699005BB1FE /* star_big2@3x.png */ = {isa = PBXFileReference; lastKnownFileType = image.png; path = "star_big2@3x.png"; sourceTree = "<group>"; };
		44A43A7B1E1CF699005BB1FE /* star_big3@3x.png */ = {isa = PBXFileReference; lastKnownFileType = image.png; path = "star_big3@3x.png"; sourceTree = "<group>"; };
		44A43A811E1CF6D8005BB1FE /* CropRectView.swift */ = {isa = PBXFileReference; fileEncoding = 4; lastKnownFileType = sourcecode.swift; path = CropRectView.swift; sourceTree = "<group>"; };
		44A43A821E1CF6D8005BB1FE /* CropView.swift */ = {isa = PBXFileReference; fileEncoding = 4; lastKnownFileType = sourcecode.swift; path = CropView.swift; sourceTree = "<group>"; };
		44A43A831E1CF6D8005BB1FE /* CropViewController.h */ = {isa = PBXFileReference; fileEncoding = 4; lastKnownFileType = sourcecode.c.h; path = CropViewController.h; sourceTree = "<group>"; };
		44A43A841E1CF6D8005BB1FE /* CropViewController.swift */ = {isa = PBXFileReference; fileEncoding = 4; lastKnownFileType = sourcecode.swift; path = CropViewController.swift; sourceTree = "<group>"; };
		44A43A851E1CF6D8005BB1FE /* Info.plist */ = {isa = PBXFileReference; fileEncoding = 4; lastKnownFileType = text.plist.xml; path = Info.plist; sourceTree = "<group>"; };
		44A43A861E1CF6D8005BB1FE /* PhotoCropEditorBorder.png */ = {isa = PBXFileReference; lastKnownFileType = image.png; path = PhotoCropEditorBorder.png; sourceTree = "<group>"; };
		44A43A871E1CF6D8005BB1FE /* PhotoCropEditorBorder@2x.png */ = {isa = PBXFileReference; lastKnownFileType = image.png; path = "PhotoCropEditorBorder@2x.png"; sourceTree = "<group>"; };
		44A43A881E1CF6D8005BB1FE /* PhotoCropEditorBorder@3x.png */ = {isa = PBXFileReference; lastKnownFileType = image.png; path = "PhotoCropEditorBorder@3x.png"; sourceTree = "<group>"; };
		44A43A891E1CF6D8005BB1FE /* ResizeControl.swift */ = {isa = PBXFileReference; fileEncoding = 4; lastKnownFileType = sourcecode.swift; path = ResizeControl.swift; sourceTree = "<group>"; };
		44A43A8A1E1CF6D8005BB1FE /* UIImage+Crop.swift */ = {isa = PBXFileReference; fileEncoding = 4; lastKnownFileType = sourcecode.swift; path = "UIImage+Crop.swift"; sourceTree = "<group>"; };
		44AD44F01E1264C000E19542 /* IAW_SignMd5Tool.swift */ = {isa = PBXFileReference; fileEncoding = 4; lastKnownFileType = sourcecode.swift; path = IAW_SignMd5Tool.swift; sourceTree = "<group>"; };
		44EC56381DDE0F0C00DAAFF8 /* IAWArray.swift */ = {isa = PBXFileReference; fileEncoding = 4; lastKnownFileType = sourcecode.swift; path = IAWArray.swift; sourceTree = "<group>"; };
		44EC56391DDE0F0C00DAAFF8 /* IAWBundle.swift */ = {isa = PBXFileReference; fileEncoding = 4; lastKnownFileType = sourcecode.swift; path = IAWBundle.swift; sourceTree = "<group>"; };
		44EC563A1DDE0F0C00DAAFF8 /* IAWString.swift */ = {isa = PBXFileReference; fileEncoding = 4; lastKnownFileType = sourcecode.swift; path = IAWString.swift; sourceTree = "<group>"; };
		44EC563C1DDE0F0C00DAAFF8 /* IAW_AppTool.swift */ = {isa = PBXFileReference; fileEncoding = 4; lastKnownFileType = sourcecode.swift; path = IAW_AppTool.swift; sourceTree = "<group>"; };
		44EC563D1DDE0F0C00DAAFF8 /* IAW_JsonTool.swift */ = {isa = PBXFileReference; fileEncoding = 4; lastKnownFileType = sourcecode.swift; path = IAW_JsonTool.swift; sourceTree = "<group>"; };
		44EC563E1DDE0F0C00DAAFF8 /* IAW_ProgressHUDTool.swift */ = {isa = PBXFileReference; fileEncoding = 4; lastKnownFileType = sourcecode.swift; path = IAW_ProgressHUDTool.swift; sourceTree = "<group>"; };
		44EC563F1DDE0F0C00DAAFF8 /* IAW_RNCryptorTool.swift */ = {isa = PBXFileReference; fileEncoding = 4; lastKnownFileType = sourcecode.swift; path = IAW_RNCryptorTool.swift; sourceTree = "<group>"; };
		44EC56421DDE0F0C00DAAFF8 /* IAWApplication.swift */ = {isa = PBXFileReference; fileEncoding = 4; lastKnownFileType = sourcecode.swift; path = IAWApplication.swift; sourceTree = "<group>"; };
		44EC56441DDE0F0C00DAAFF8 /* IAWColor.swift */ = {isa = PBXFileReference; fileEncoding = 4; lastKnownFileType = sourcecode.swift; path = IAWColor.swift; sourceTree = "<group>"; };
		44EC56451DDE0F0C00DAAFF8 /* IAWImageView.swift */ = {isa = PBXFileReference; fileEncoding = 4; lastKnownFileType = sourcecode.swift; path = IAWImageView.swift; sourceTree = "<group>"; };
		44EC56461DDE0F0C00DAAFF8 /* IAWScreen.swift */ = {isa = PBXFileReference; fileEncoding = 4; lastKnownFileType = sourcecode.swift; path = IAWScreen.swift; sourceTree = "<group>"; };
		44EC56471DDE0F0C00DAAFF8 /* IAWTextField.swift */ = {isa = PBXFileReference; fileEncoding = 4; lastKnownFileType = sourcecode.swift; path = IAWTextField.swift; sourceTree = "<group>"; };
		44EC56481DDE0F0C00DAAFF8 /* IAWWebView.swift */ = {isa = PBXFileReference; fileEncoding = 4; lastKnownFileType = sourcecode.swift; path = IAWWebView.swift; sourceTree = "<group>"; };
		44EC565A1DDE0F1800DAAFF8 /* Images.xcassets */ = {isa = PBXFileReference; lastKnownFileType = folder.assetcatalog; path = Images.xcassets; sourceTree = "<group>"; };
		44EC565D1DDE18B500DAAFF8 /* IAW_ImgXcassetsTool.swift */ = {isa = PBXFileReference; fileEncoding = 4; lastKnownFileType = sourcecode.swift; name = IAW_ImgXcassetsTool.swift; path = Classes/Tool/IAW_ImgXcassetsTool.swift; sourceTree = "<group>"; };
		5A11D36588B35B00253E8477 /* Pods-IAWExtensionTool.debug.xcconfig */ = {isa = PBXFileReference; includeInIndex = 1; lastKnownFileType = text.xcconfig; name = "Pods-IAWExtensionTool.debug.xcconfig"; path = "../Pods/Target Support Files/Pods-IAWExtensionTool/Pods-IAWExtensionTool.debug.xcconfig"; sourceTree = "<group>"; };
		FD248E7BAF6A2C34F8CA11D9 /* Pods_IAWExtensionTool.framework */ = {isa = PBXFileReference; explicitFileType = wrapper.framework; includeInIndex = 0; path = Pods_IAWExtensionTool.framework; sourceTree = BUILT_PRODUCTS_DIR; };
/* End PBXFileReference section */

/* Begin PBXFrameworksBuildPhase section */
		441C6EBB1DDE0BEC0080D0F0 /* Frameworks */ = {
			isa = PBXFrameworksBuildPhase;
			buildActionMask = 2147483647;
			files = (
				AD8E5370726069281113256F /* Pods_IAWExtensionTool.framework in Frameworks */,
			);
			runOnlyForDeploymentPostprocessing = 0;
		};
/* End PBXFrameworksBuildPhase section */

/* Begin PBXGroup section */
		441C6EB51DDE0BEC0080D0F0 = {
			isa = PBXGroup;
			children = (
				441C6EC11DDE0BEC0080D0F0 /* IAWExtensionTool */,
				441C6EC01DDE0BEC0080D0F0 /* Products */,
				A552F5485607FC0684A64631 /* Pods */,
				E5033D61F9E9745C3E03E517 /* Frameworks */,
			);
			sourceTree = "<group>";
		};
		441C6EC01DDE0BEC0080D0F0 /* Products */ = {
			isa = PBXGroup;
			children = (
				441C6EBF1DDE0BEC0080D0F0 /* IAWExtensionTool.framework */,
			);
			name = Products;
			sourceTree = "<group>";
		};
		441C6EC11DDE0BEC0080D0F0 /* IAWExtensionTool */ = {
			isa = PBXGroup;
			children = (
				44EC56361DDE0F0C00DAAFF8 /* Classes */,
				44EC56591DDE0F1800DAAFF8 /* Resources */,
				441C6EC21DDE0BEC0080D0F0 /* IAWExtensionTool.h */,
				44EC565D1DDE18B500DAAFF8 /* IAW_ImgXcassetsTool.swift */,
				441C6EC31DDE0BEC0080D0F0 /* Info.plist */,
			);
			path = IAWExtensionTool;
			sourceTree = "<group>";
		};
		4426C2C41E35F57500E74B79 /* LeftSlideMenu */ = {
			isa = PBXGroup;
			children = (
				4426C2C51E35F59B00E74B79 /* IAW_SlideMenuController.swift */,
				4426C2C71E35F67400E74B79 /* IAW_SlideMenuTool.swift */,
			);
			path = LeftSlideMenu;
			sourceTree = "<group>";
		};
		442E53301E1D0C33001FCBD8 /* CustomView */ = {
			isa = PBXGroup;
			children = (
				442E53311E1D0C33001FCBD8 /* LoadProgressAnimationView.swift */,
			);
			path = CustomView;
			sourceTree = "<group>";
		};
		442E53331E1D1057001FCBD8 /* Constant */ = {
			isa = PBXGroup;
			children = (
				442E53341E1D1057001FCBD8 /* IAW_Constant.swift */,
				442E535C1E1F313C001FCBD8 /* IAW_MsgTip.swift */,
			);
			path = Constant;
			sourceTree = "<group>";
		};
		442E53361E1DE494001FCBD8 /* Common */ = {
			isa = PBXGroup;
			children = (
				442E53371E1DE494001FCBD8 /* IAW_EditTextViewController.swift */,
				442E533A1E1DE494001FCBD8 /* IAW_WebViewController.swift */,
			);
			path = Common;
			sourceTree = "<group>";
		};
		442E533F1E1DE575001FCBD8 /* Base */ = {
			isa = PBXGroup;
			children = (
				442E53401E1DE575001FCBD8 /* Controller */,
				442E53441E1DE575001FCBD8 /* Model */,
			);
			path = Base;
			sourceTree = "<group>";
		};
		442E53401E1DE575001FCBD8 /* Controller */ = {
			isa = PBXGroup;
			children = (
				442E53411E1DE575001FCBD8 /* IAW_BaseViewController.swift */,
				442E53421E1DE575001FCBD8 /* IAW_NavigationController.swift */,
				442E53431E1DE575001FCBD8 /* IAW_TabBarController.swift */,
			);
			path = Controller;
			sourceTree = "<group>";
		};
		442E53441E1DE575001FCBD8 /* Model */ = {
			isa = PBXGroup;
			children = (
				442E53481E1DE575001FCBD8 /* IAW_ResponseModel.swift */,
				442E53491E1DE575001FCBD8 /* IAW_ResponseModels.swift */,
				442E534A1E1DE575001FCBD8 /* IAW_ResponseMsgModel.swift */,
			);
			path = Model;
			sourceTree = "<group>";
		};
		4492FD691E2632A3006D69CB /* Effect */ = {
			isa = PBXGroup;
			children = (
				4492FD701E287503006D69CB /* IAW_FullScreenTool.swift */,
				4492FD711E287503006D69CB /* Particle.swift */,
				4492FD721E287503006D69CB /* ParticleView.swift */,
			);
			path = Effect;
			sourceTree = "<group>";
		};
		44A43A6E1E1CF66A005BB1FE /* WHCStackView */ = {
			isa = PBXGroup;
			children = (
				44A43A6F1E1CF66A005BB1FE /* WHC_AutoCellHeight.swift */,
				44A43A701E1CF66A005BB1FE /* WHC_AutoLayout.swift */,
				44A43A711E1CF66A005BB1FE /* WHC_Frame.swift */,
				44A43A721E1CF66A005BB1FE /* WHC_StackView.swift */,
			);
			path = WHCStackView;
			sourceTree = "<group>";
		};
		44A43A771E1CF699005BB1FE /* RatingBar */ = {
			isa = PBXGroup;
			children = (
				44A43A781E1CF699005BB1FE /* RatingBar.swift */,
				44A43A791E1CF699005BB1FE /* star_big1@3x.png */,
				44A43A7A1E1CF699005BB1FE /* star_big2@3x.png */,
				44A43A7B1E1CF699005BB1FE /* star_big3@3x.png */,
			);
			path = RatingBar;
			sourceTree = "<group>";
		};
		44A43A801E1CF6D8005BB1FE /* CropViewController */ = {
			isa = PBXGroup;
			children = (
				44A43A811E1CF6D8005BB1FE /* CropRectView.swift */,
				44A43A821E1CF6D8005BB1FE /* CropView.swift */,
				44A43A831E1CF6D8005BB1FE /* CropViewController.h */,
				44A43A841E1CF6D8005BB1FE /* CropViewController.swift */,
				44A43A851E1CF6D8005BB1FE /* Info.plist */,
				44A43A861E1CF6D8005BB1FE /* PhotoCropEditorBorder.png */,
				44A43A871E1CF6D8005BB1FE /* PhotoCropEditorBorder@2x.png */,
				44A43A881E1CF6D8005BB1FE /* PhotoCropEditorBorder@3x.png */,
				44A43A891E1CF6D8005BB1FE /* ResizeControl.swift */,
				44A43A8A1E1CF6D8005BB1FE /* UIImage+Crop.swift */,
			);
			path = CropViewController;
			sourceTree = "<group>";
		};
		44EC56361DDE0F0C00DAAFF8 /* Classes */ = {
			isa = PBXGroup;
			children = (
				4426C2C41E35F57500E74B79 /* LeftSlideMenu */,
				4492FD691E2632A3006D69CB /* Effect */,
				442E533F1E1DE575001FCBD8 /* Base */,
				442E53361E1DE494001FCBD8 /* Common */,
				442E53331E1D1057001FCBD8 /* Constant */,
				442E53301E1D0C33001FCBD8 /* CustomView */,
				44A43A801E1CF6D8005BB1FE /* CropViewController */,
				44A43A771E1CF699005BB1FE /* RatingBar */,
				44A43A6E1E1CF66A005BB1FE /* WHCStackView */,
				44EC56371DDE0F0C00DAAFF8 /* Foundation */,
				44EC563B1DDE0F0C00DAAFF8 /* Tool */,
				44EC56411DDE0F0C00DAAFF8 /* UIKit */,
			);
			path = Classes;
			sourceTree = "<group>";
		};
		44EC56371DDE0F0C00DAAFF8 /* Foundation */ = {
			isa = PBXGroup;
			children = (
				44EC56381DDE0F0C00DAAFF8 /* IAWArray.swift */,
				44EC56391DDE0F0C00DAAFF8 /* IAWBundle.swift */,
				44EC563A1DDE0F0C00DAAFF8 /* IAWString.swift */,
			);
			path = Foundation;
			sourceTree = "<group>";
		};
		44EC563B1DDE0F0C00DAAFF8 /* Tool */ = {
			isa = PBXGroup;
			children = (
				44EC563C1DDE0F0C00DAAFF8 /* IAW_AppTool.swift */,
				44EC563D1DDE0F0C00DAAFF8 /* IAW_JsonTool.swift */,
				44EC563E1DDE0F0C00DAAFF8 /* IAW_ProgressHUDTool.swift */,
				44EC563F1DDE0F0C00DAAFF8 /* IAW_RNCryptorTool.swift */,
				44AD44F01E1264C000E19542 /* IAW_SignMd5Tool.swift */,
				442E535A1E1E3876001FCBD8 /* IAW_PhotoTool.swift */,
				442E535E1E1F384D001FCBD8 /* IAW_TextViewTool.swift */,
				442E53601E1F388D001FCBD8 /* IAW_TextFieldTool.swift */,
				442E53621E1F38AD001FCBD8 /* IAW_LabelTool.swift */,
				442E53641E1F756A001FCBD8 /* IAW_UITool.swift */,
				442E53661E1F75F5001FCBD8 /* IAW_TabelViewTool.swift */,
				442E53681E1F7646001FCBD8 /* IAW_WebViewTool.swift */,
				442E536A1E1F76BE001FCBD8 /* IAW_TokenTool.swift */,
				442E536C1E1F8C2D001FCBD8 /* IAW_NetTool.swift */,
				44732A8A1E372D33001F698D /* IAW_NavBarTool.swift */,
			);
			path = Tool;
			sourceTree = "<group>";
		};
		44EC56411DDE0F0C00DAAFF8 /* UIKit */ = {
			isa = PBXGroup;
			children = (
				442E53561E1E23C6001FCBD8 /* IAWUITableView+Extension.swift */,
				442E53571E1E23C6001FCBD8 /* IAWUIView+Extension.swift */,
				44EC56421DDE0F0C00DAAFF8 /* IAWApplication.swift */,
				44EC56441DDE0F0C00DAAFF8 /* IAWColor.swift */,
				44EC56451DDE0F0C00DAAFF8 /* IAWImageView.swift */,
				44EC56461DDE0F0C00DAAFF8 /* IAWScreen.swift */,
				44EC56471DDE0F0C00DAAFF8 /* IAWTextField.swift */,
				44EC56481DDE0F0C00DAAFF8 /* IAWWebView.swift */,
			);
			path = UIKit;
			sourceTree = "<group>";
		};
		44EC56591DDE0F1800DAAFF8 /* Resources */ = {
			isa = PBXGroup;
			children = (
				44EC565A1DDE0F1800DAAFF8 /* Images.xcassets */,
			);
			path = Resources;
			sourceTree = "<group>";
		};
		A552F5485607FC0684A64631 /* Pods */ = {
			isa = PBXGroup;
			children = (
				5A11D36588B35B00253E8477 /* Pods-IAWExtensionTool.debug.xcconfig */,
				38CAE004563470CD1EE8E6A6 /* Pods-IAWExtensionTool.release.xcconfig */,
			);
			name = Pods;
			sourceTree = "<group>";
		};
		E5033D61F9E9745C3E03E517 /* Frameworks */ = {
			isa = PBXGroup;
			children = (
				FD248E7BAF6A2C34F8CA11D9 /* Pods_IAWExtensionTool.framework */,
			);
			name = Frameworks;
			sourceTree = "<group>";
		};
/* End PBXGroup section */

/* Begin PBXHeadersBuildPhase section */
		441C6EBC1DDE0BEC0080D0F0 /* Headers */ = {
			isa = PBXHeadersBuildPhase;
			buildActionMask = 2147483647;
			files = (
				441C6EC41DDE0BEC0080D0F0 /* IAWExtensionTool.h in Headers */,
				44A43A8D1E1CF6D8005BB1FE /* CropViewController.h in Headers */,
			);
			runOnlyForDeploymentPostprocessing = 0;
		};
/* End PBXHeadersBuildPhase section */

/* Begin PBXNativeTarget section */
		441C6EBE1DDE0BEC0080D0F0 /* IAWExtensionTool */ = {
			isa = PBXNativeTarget;
			buildConfigurationList = 441C6EC71DDE0BEC0080D0F0 /* Build configuration list for PBXNativeTarget "IAWExtensionTool" */;
			buildPhases = (
				0DDD47D50C9D2497A0C75E8C /* [CP] Check Pods Manifest.lock */,
				441C6EBA1DDE0BEC0080D0F0 /* Sources */,
				441C6EBB1DDE0BEC0080D0F0 /* Frameworks */,
				441C6EBC1DDE0BEC0080D0F0 /* Headers */,
				441C6EBD1DDE0BEC0080D0F0 /* Resources */,
				2F6F8A0949E8CFE149216AB4 /* [CP] Copy Pods Resources */,
			);
			buildRules = (
			);
			dependencies = (
			);
			name = IAWExtensionTool;
			productName = IAWExtensionTool;
			productReference = 441C6EBF1DDE0BEC0080D0F0 /* IAWExtensionTool.framework */;
			productType = "com.apple.product-type.framework";
		};
/* End PBXNativeTarget section */

/* Begin PBXProject section */
		441C6EB61DDE0BEC0080D0F0 /* Project object */ = {
			isa = PBXProject;
			attributes = {
				LastUpgradeCheck = 0800;
				ORGANIZATIONNAME = winston;
				TargetAttributes = {
					441C6EBE1DDE0BEC0080D0F0 = {
						CreatedOnToolsVersion = 8.0;
						DevelopmentTeam = AA5ZGF9A6N;
						ProvisioningStyle = Automatic;
					};
				};
			};
			buildConfigurationList = 441C6EB91DDE0BEC0080D0F0 /* Build configuration list for PBXProject "IAWExtensionTool" */;
			compatibilityVersion = "Xcode 3.2";
			developmentRegion = English;
			hasScannedForEncodings = 0;
			knownRegions = (
				en,
			);
			mainGroup = 441C6EB51DDE0BEC0080D0F0;
			productRefGroup = 441C6EC01DDE0BEC0080D0F0 /* Products */;
			projectDirPath = "";
			projectRoot = "";
			targets = (
				441C6EBE1DDE0BEC0080D0F0 /* IAWExtensionTool */,
			);
		};
/* End PBXProject section */

/* Begin PBXResourcesBuildPhase section */
		441C6EBD1DDE0BEC0080D0F0 /* Resources */ = {
			isa = PBXResourcesBuildPhase;
			buildActionMask = 2147483647;
			files = (
				44A43A7F1E1CF699005BB1FE /* star_big3@3x.png in Resources */,
				44A43A911E1CF6D8005BB1FE /* PhotoCropEditorBorder@2x.png in Resources */,
				44A43A7E1E1CF699005BB1FE /* star_big2@3x.png in Resources */,
				44A43A7D1E1CF699005BB1FE /* star_big1@3x.png in Resources */,
				44A43A901E1CF6D8005BB1FE /* PhotoCropEditorBorder.png in Resources */,
				44A43A921E1CF6D8005BB1FE /* PhotoCropEditorBorder@3x.png in Resources */,
				44A43A8F1E1CF6D8005BB1FE /* Info.plist in Resources */,
				44EC565C1DDE0F1800DAAFF8 /* Images.xcassets in Resources */,
			);
			runOnlyForDeploymentPostprocessing = 0;
		};
/* End PBXResourcesBuildPhase section */

/* Begin PBXShellScriptBuildPhase section */
		0DDD47D50C9D2497A0C75E8C /* [CP] Check Pods Manifest.lock */ = {
			isa = PBXShellScriptBuildPhase;
			buildActionMask = 2147483647;
			files = (
			);
			inputPaths = (
			);
			name = "[CP] Check Pods Manifest.lock";
			outputPaths = (
			);
			runOnlyForDeploymentPostprocessing = 0;
			shellPath = /bin/sh;
			shellScript = "diff \"${PODS_ROOT}/../Podfile.lock\" \"${PODS_ROOT}/Manifest.lock\" > /dev/null\nif [ $? != 0 ] ; then\n    # print error to STDERR\n    echo \"error: The sandbox is not in sync with the Podfile.lock. Run 'pod install' or update your CocoaPods installation.\" >&2\n    exit 1\nfi\n";
			showEnvVarsInLog = 0;
		};
		2F6F8A0949E8CFE149216AB4 /* [CP] Copy Pods Resources */ = {
			isa = PBXShellScriptBuildPhase;
			buildActionMask = 2147483647;
			files = (
			);
			inputPaths = (
			);
			name = "[CP] Copy Pods Resources";
			outputPaths = (
			);
			runOnlyForDeploymentPostprocessing = 0;
			shellPath = /bin/sh;
			shellScript = "\"${SRCROOT}/../Pods/Target Support Files/Pods-IAWExtensionTool/Pods-IAWExtensionTool-resources.sh\"\n";
			showEnvVarsInLog = 0;
		};
/* End PBXShellScriptBuildPhase section */

/* Begin PBXSourcesBuildPhase section */
		441C6EBA1DDE0BEC0080D0F0 /* Sources */ = {
			isa = PBXSourcesBuildPhase;
			buildActionMask = 2147483647;
			files = (
				442E533E1E1DE494001FCBD8 /* IAW_WebViewController.swift in Sources */,
				442E533B1E1DE494001FCBD8 /* IAW_EditTextViewController.swift in Sources */,
				442E536B1E1F76BE001FCBD8 /* IAW_TokenTool.swift in Sources */,
				44EC564C1DDE0F0C00DAAFF8 /* IAW_AppTool.swift in Sources */,
				442E53651E1F756A001FCBD8 /* IAW_UITool.swift in Sources */,
				442E534B1E1DE575001FCBD8 /* IAW_BaseViewController.swift in Sources */,
				442E53321E1D0C33001FCBD8 /* LoadProgressAnimationView.swift in Sources */,
				44A43A751E1CF66A005BB1FE /* WHC_Frame.swift in Sources */,
				44EC56561DDE0F0C00DAAFF8 /* IAWTextField.swift in Sources */,
				44A43A7C1E1CF699005BB1FE /* RatingBar.swift in Sources */,
				442E53691E1F7646001FCBD8 /* IAW_WebViewTool.swift in Sources */,
				44A43A931E1CF6D8005BB1FE /* ResizeControl.swift in Sources */,
				442E53351E1D1057001FCBD8 /* IAW_Constant.swift in Sources */,
				44AD44F11E1264C000E19542 /* IAW_SignMd5Tool.swift in Sources */,
				442E535F1E1F384D001FCBD8 /* IAW_TextViewTool.swift in Sources */,
				44732A8B1E372D33001F698D /* IAW_NavBarTool.swift in Sources */,
				44A43A8E1E1CF6D8005BB1FE /* CropViewController.swift in Sources */,
				44A43A941E1CF6D8005BB1FE /* UIImage+Crop.swift in Sources */,
				44EC564A1DDE0F0C00DAAFF8 /* IAWBundle.swift in Sources */,
				442E53531E1DE575001FCBD8 /* IAW_ResponseMsgModel.swift in Sources */,
				44A43A8C1E1CF6D8005BB1FE /* CropView.swift in Sources */,
				4492FD731E287503006D69CB /* IAW_FullScreenTool.swift in Sources */,
				442E53591E1E23C6001FCBD8 /* IAWUIView+Extension.swift in Sources */,
				442E53671E1F75F5001FCBD8 /* IAW_TabelViewTool.swift in Sources */,
				442E536D1E1F8C2D001FCBD8 /* IAW_NetTool.swift in Sources */,
				44EC564B1DDE0F0C00DAAFF8 /* IAWString.swift in Sources */,
				4426C2C61E35F59B00E74B79 /* IAW_SlideMenuController.swift in Sources */,
				4426C2C81E35F67400E74B79 /* IAW_SlideMenuTool.swift in Sources */,
				442E53511E1DE575001FCBD8 /* IAW_ResponseModel.swift in Sources */,
				442E534D1E1DE575001FCBD8 /* IAW_TabBarController.swift in Sources */,
				442E535D1E1F313C001FCBD8 /* IAW_MsgTip.swift in Sources */,
				4492FD751E287503006D69CB /* ParticleView.swift in Sources */,
				44EC564E1DDE0F0C00DAAFF8 /* IAW_ProgressHUDTool.swift in Sources */,
				442E535B1E1E3876001FCBD8 /* IAW_PhotoTool.swift in Sources */,
				44EC564F1DDE0F0C00DAAFF8 /* IAW_RNCryptorTool.swift in Sources */,
				4492FD741E287503006D69CB /* Particle.swift in Sources */,
				44EC56511DDE0F0C00DAAFF8 /* IAWApplication.swift in Sources */,
				44EC56571DDE0F0C00DAAFF8 /* IAWWebView.swift in Sources */,
				44EC56531DDE0F0C00DAAFF8 /* IAWColor.swift in Sources */,
				44A43A741E1CF66A005BB1FE /* WHC_AutoLayout.swift in Sources */,
				44A43A8B1E1CF6D8005BB1FE /* CropRectView.swift in Sources */,
				44A43A731E1CF66A005BB1FE /* WHC_AutoCellHeight.swift in Sources */,
				44EC56541DDE0F0C00DAAFF8 /* IAWImageView.swift in Sources */,
				44EC564D1DDE0F0C00DAAFF8 /* IAW_JsonTool.swift in Sources */,
				442E53521E1DE575001FCBD8 /* IAW_ResponseModels.swift in Sources */,
				44EC565E1DDE18B500DAAFF8 /* IAW_ImgXcassetsTool.swift in Sources */,
				44A43A761E1CF66A005BB1FE /* WHC_StackView.swift in Sources */,
				44EC56551DDE0F0C00DAAFF8 /* IAWScreen.swift in Sources */,
				44EC56491DDE0F0C00DAAFF8 /* IAWArray.swift in Sources */,
				442E53631E1F38AD001FCBD8 /* IAW_LabelTool.swift in Sources */,
				442E53611E1F388D001FCBD8 /* IAW_TextFieldTool.swift in Sources */,
				442E534C1E1DE575001FCBD8 /* IAW_NavigationController.swift in Sources */,
				442E53581E1E23C6001FCBD8 /* IAWUITableView+Extension.swift in Sources */,
			);
			runOnlyForDeploymentPostprocessing = 0;
		};
/* End PBXSourcesBuildPhase section */

/* Begin XCBuildConfiguration section */
		441C6EC51DDE0BEC0080D0F0 /* Debug */ = {
			isa = XCBuildConfiguration;
			buildSettings = {
				ALWAYS_SEARCH_USER_PATHS = NO;
				CLANG_ANALYZER_NONNULL = YES;
				CLANG_CXX_LANGUAGE_STANDARD = "gnu++0x";
				CLANG_CXX_LIBRARY = "libc++";
				CLANG_ENABLE_MODULES = YES;
				CLANG_ENABLE_OBJC_ARC = YES;
				CLANG_WARN_BOOL_CONVERSION = YES;
				CLANG_WARN_CONSTANT_CONVERSION = YES;
				CLANG_WARN_DIRECT_OBJC_ISA_USAGE = YES_ERROR;
				CLANG_WARN_DOCUMENTATION_COMMENTS = YES;
				CLANG_WARN_EMPTY_BODY = YES;
				CLANG_WARN_ENUM_CONVERSION = YES;
				CLANG_WARN_INFINITE_RECURSION = YES;
				CLANG_WARN_INT_CONVERSION = YES;
				CLANG_WARN_OBJC_ROOT_CLASS = YES_ERROR;
				CLANG_WARN_SUSPICIOUS_MOVES = YES;
				CLANG_WARN_UNREACHABLE_CODE = YES;
				CLANG_WARN__DUPLICATE_METHOD_MATCH = YES;
				"CODE_SIGN_IDENTITY[sdk=iphoneos*]" = "iPhone Developer";
				COPY_PHASE_STRIP = NO;
				CURRENT_PROJECT_VERSION = 1;
				DEBUG_INFORMATION_FORMAT = dwarf;
				ENABLE_STRICT_OBJC_MSGSEND = YES;
				ENABLE_TESTABILITY = YES;
				GCC_C_LANGUAGE_STANDARD = gnu99;
				GCC_DYNAMIC_NO_PIC = NO;
				GCC_NO_COMMON_BLOCKS = YES;
				GCC_OPTIMIZATION_LEVEL = 0;
				GCC_PREPROCESSOR_DEFINITIONS = (
					"DEBUG=1",
					"$(inherited)",
				);
				GCC_WARN_64_TO_32_BIT_CONVERSION = YES;
				GCC_WARN_ABOUT_RETURN_TYPE = YES_ERROR;
				GCC_WARN_UNDECLARED_SELECTOR = YES;
				GCC_WARN_UNINITIALIZED_AUTOS = YES_AGGRESSIVE;
				GCC_WARN_UNUSED_FUNCTION = YES;
				GCC_WARN_UNUSED_VARIABLE = YES;
				IPHONEOS_DEPLOYMENT_TARGET = 10.0;
				MTL_ENABLE_DEBUG_INFO = YES;
				ONLY_ACTIVE_ARCH = YES;
				SDKROOT = iphoneos;
				SWIFT_ACTIVE_COMPILATION_CONDITIONS = DEBUG;
				SWIFT_OPTIMIZATION_LEVEL = "-Onone";
				TARGETED_DEVICE_FAMILY = "1,2";
				VERSIONING_SYSTEM = "apple-generic";
				VERSION_INFO_PREFIX = "";
			};
			name = Debug;
		};
		441C6EC61DDE0BEC0080D0F0 /* Release */ = {
			isa = XCBuildConfiguration;
			buildSettings = {
				ALWAYS_SEARCH_USER_PATHS = NO;
				CLANG_ANALYZER_NONNULL = YES;
				CLANG_CXX_LANGUAGE_STANDARD = "gnu++0x";
				CLANG_CXX_LIBRARY = "libc++";
				CLANG_ENABLE_MODULES = YES;
				CLANG_ENABLE_OBJC_ARC = YES;
				CLANG_WARN_BOOL_CONVERSION = YES;
				CLANG_WARN_CONSTANT_CONVERSION = YES;
				CLANG_WARN_DIRECT_OBJC_ISA_USAGE = YES_ERROR;
				CLANG_WARN_DOCUMENTATION_COMMENTS = YES;
				CLANG_WARN_EMPTY_BODY = YES;
				CLANG_WARN_ENUM_CONVERSION = YES;
				CLANG_WARN_INFINITE_RECURSION = YES;
				CLANG_WARN_INT_CONVERSION = YES;
				CLANG_WARN_OBJC_ROOT_CLASS = YES_ERROR;
				CLANG_WARN_SUSPICIOUS_MOVES = YES;
				CLANG_WARN_UNREACHABLE_CODE = YES;
				CLANG_WARN__DUPLICATE_METHOD_MATCH = YES;
				"CODE_SIGN_IDENTITY[sdk=iphoneos*]" = "iPhone Developer";
				COPY_PHASE_STRIP = NO;
				CURRENT_PROJECT_VERSION = 1;
				DEBUG_INFORMATION_FORMAT = "dwarf-with-dsym";
				ENABLE_NS_ASSERTIONS = NO;
				ENABLE_STRICT_OBJC_MSGSEND = YES;
				GCC_C_LANGUAGE_STANDARD = gnu99;
				GCC_NO_COMMON_BLOCKS = YES;
				GCC_WARN_64_TO_32_BIT_CONVERSION = YES;
				GCC_WARN_ABOUT_RETURN_TYPE = YES_ERROR;
				GCC_WARN_UNDECLARED_SELECTOR = YES;
				GCC_WARN_UNINITIALIZED_AUTOS = YES_AGGRESSIVE;
				GCC_WARN_UNUSED_FUNCTION = YES;
				GCC_WARN_UNUSED_VARIABLE = YES;
				IPHONEOS_DEPLOYMENT_TARGET = 10.0;
				MTL_ENABLE_DEBUG_INFO = NO;
				SDKROOT = iphoneos;
				SWIFT_OPTIMIZATION_LEVEL = "-Owholemodule";
				TARGETED_DEVICE_FAMILY = "1,2";
				VALIDATE_PRODUCT = YES;
				VERSIONING_SYSTEM = "apple-generic";
				VERSION_INFO_PREFIX = "";
			};
			name = Release;
		};
		441C6EC81DDE0BEC0080D0F0 /* Debug */ = {
			isa = XCBuildConfiguration;
			baseConfigurationReference = 5A11D36588B35B00253E8477 /* Pods-IAWExtensionTool.debug.xcconfig */;
			buildSettings = {
				ALWAYS_EMBED_SWIFT_STANDARD_LIBRARIES = NO;
				CODE_SIGN_IDENTITY = "";
				DEFINES_MODULE = YES;
				DEVELOPMENT_TEAM = AA5ZGF9A6N;
				DYLIB_COMPATIBILITY_VERSION = 1;
				DYLIB_CURRENT_VERSION = 1;
				DYLIB_INSTALL_NAME_BASE = "@rpath";
				INFOPLIST_FILE = IAWExtensionTool/Info.plist;
				INSTALL_PATH = "$(LOCAL_LIBRARY_DIR)/Frameworks";
				IPHONEOS_DEPLOYMENT_TARGET = 9.0;
				LD_RUNPATH_SEARCH_PATHS = "$(inherited) @executable_path/Frameworks @loader_path/Frameworks";
				PRODUCT_BUNDLE_IDENTIFIER = com.iaskwind.IAWExtensionTool;
				PRODUCT_NAME = "$(TARGET_NAME)";
				SKIP_INSTALL = YES;
				SWIFT_VERSION = 3.0;
			};
			name = Debug;
		};
		441C6EC91DDE0BEC0080D0F0 /* Release */ = {
			isa = XCBuildConfiguration;
			baseConfigurationReference = 38CAE004563470CD1EE8E6A6 /* Pods-IAWExtensionTool.release.xcconfig */;
			buildSettings = {
				ALWAYS_EMBED_SWIFT_STANDARD_LIBRARIES = NO;
				CODE_SIGN_IDENTITY = "";
				DEFINES_MODULE = YES;
				DEVELOPMENT_TEAM = AA5ZGF9A6N;
				DYLIB_COMPATIBILITY_VERSION = 1;
				DYLIB_CURRENT_VERSION = 1;
				DYLIB_INSTALL_NAME_BASE = "@rpath";
				INFOPLIST_FILE = IAWExtensionTool/Info.plist;
				INSTALL_PATH = "$(LOCAL_LIBRARY_DIR)/Frameworks";
				IPHONEOS_DEPLOYMENT_TARGET = 9.0;
				LD_RUNPATH_SEARCH_PATHS = "$(inherited) @executable_path/Frameworks @loader_path/Frameworks";
				PRODUCT_BUNDLE_IDENTIFIER = com.iaskwind.IAWExtensionTool;
				PRODUCT_NAME = "$(TARGET_NAME)";
				SKIP_INSTALL = YES;
				SWIFT_VERSION = 3.0;
			};
			name = Release;
		};
/* End XCBuildConfiguration section */

/* Begin XCConfigurationList section */
		441C6EB91DDE0BEC0080D0F0 /* Build configuration list for PBXProject "IAWExtensionTool" */ = {
			isa = XCConfigurationList;
			buildConfigurations = (
				441C6EC51DDE0BEC0080D0F0 /* Debug */,
				441C6EC61DDE0BEC0080D0F0 /* Release */,
			);
			defaultConfigurationIsVisible = 0;
			defaultConfigurationName = Release;
		};
		441C6EC71DDE0BEC0080D0F0 /* Build configuration list for PBXNativeTarget "IAWExtensionTool" */ = {
			isa = XCConfigurationList;
			buildConfigurations = (
				441C6EC81DDE0BEC0080D0F0 /* Debug */,
				441C6EC91DDE0BEC0080D0F0 /* Release */,
			);
			defaultConfigurationIsVisible = 0;
			defaultConfigurationName = Release;
		};
/* End XCConfigurationList section */
	};
	rootObject = 441C6EB61DDE0BEC0080D0F0 /* Project object */;
}
